
Microsoft Visual Studio Solution File, Format Version 12.00
# Visual Studio Version 16
VisualStudioVersion = 16.0.31025.194
MinimumVisualStudioVersion = 10.0.40219.1
Project("{FAE04EC0-301F-11D3-BF4B-00C04F79EFBC}") = "SalonProject", "SalonProject\SalonProject.csproj", "{8DAC0DF4-5895-4D6E-91A7-925AB906DE40}"
EndProject
Global
	GlobalSection(SolutionConfigurationPlatforms) = preSolution
		Debug|Any CPU = Debug|Any CPU
		Release|Any CPU = Release|Any CPU
	EndGlobalSection
	GlobalSection(ProjectConfigurationPlatforms) = postSolution
		{8DAC0DF4-5895-4D6E-91A7-925AB906DE40}.Debug|Any CPU.ActiveCfg = Debug|Any CPU
		{8DAC0DF4-5895-4D6E-91A7-925AB906DE40}.Debug|Any CPU.Build.0 = Debug|Any CPU
		{8DAC0DF4-5895-4D6E-91A7-925AB906DE40}.Release|Any CPU.ActiveCfg = Release|Any CPU
		{8DAC0DF4-5895-4D6E-91A7-925AB906DE40}.Release|Any CPU.Build.0 = Release|Any CPU
	EndGlobalSection
	GlobalSection(SolutionProperties) = preSolution
		HideSolutionNode = FALSE
	EndGlobalSection
	GlobalSection(ExtensibilityGlobals) = postSolution
		SolutionGuid = {FD47A92D-3B38-4AAA-86FB-476DBA432546}
	EndGlobalSection
EndGlobal
